
Microsoft Visual Studio Solution File, Format Version 12.00
# Visual Studio 15
VisualStudioVersion = 15.0.28307.106
MinimumVisualStudioVersion = 10.0.40219.1
Project("{888888A0-9F3D-457C-B088-3A5042F75D52}") = "speckle", "PythonApplication5\speckle.pyproj", "{BF804399-55F6-4134-8AF3-FEDE97EDD510}"
EndProject
Global
	GlobalSection(SolutionConfigurationPlatforms) = preSolution
		Debug|Any CPU = Debug|Any CPU
		Release|Any CPU = Release|Any CPU
	EndGlobalSection
	GlobalSection(ProjectConfigurationPlatforms) = postSolution
		{BF804399-55F6-4134-8AF3-FEDE97EDD510}.Debug|Any CPU.ActiveCfg = Debug|Any CPU
		{BF804399-55F6-4134-8AF3-FEDE97EDD510}.Release|Any CPU.ActiveCfg = Release|Any CPU
	EndGlobalSection
	GlobalSection(SolutionProperties) = preSolution
		HideSolutionNode = FALSE
	EndGlobalSection
	GlobalSection(ExtensibilityGlobals) = postSolution
		SolutionGuid = {B8AAC4FA-43BF-46DE-B93B-00FF4DB6AB36}
	EndGlobalSection
EndGlobal
